
Microsoft Visual Studio Solution File, Format Version 12.00
# Visual Studio Version 17
VisualStudioVersion = 17.14.36429.23
MinimumVisualStudioVersion = 10.0.40219.1
Project("{2150E333-8FDC-42A3-9474-1A3956D46DE8}") = "Task0", "Task0", "{02EA681E-C7D8-13C7-8484-4AC65E1B71E8}"
EndProject
Project("{FAE04EC0-301F-11D3-BF4B-00C04F79EFBC}") = "Tyuiu.MarakovAD.Sprint0.Task0.V0", "Tyuiu.MarakovAD.Sprint0.Task0.V0\Tyuiu.MarakovAD.Sprint0.Task0.V0.csproj", "{BFA8AE8B-F4D4-44C6-99E3-BEFF7E788D23}"
EndProject
Project("{2150E333-8FDC-42A3-9474-1A3956D46DE8}") = "Task1", "Task1", "{D4340F8B-C69C-4A45-B828-F245E9B8EFC0}"
EndProject
Project("{FAE04EC0-301F-11D3-BF4B-00C04F79EFBC}") = "Tyuiu.MarakovAD.Sprint0.Task1.V0", "Tyuiu.MarakovAD.Sprint0.Task1.V0\Tyuiu.MarakovAD.Sprint0.Task1.V0.csproj", "{C2A1F841-FE3B-4048-BDC8-5D51699BD539}"
EndProject
Project("{2150E333-8FDC-42A3-9474-1A3956D46DE8}") = "Task2", "Task2", "{0E2F288C-C115-45C3-9620-E5F7F801464F}"
EndProject
Project("{FAE04EC0-301F-11D3-BF4B-00C04F79EFBC}") = "Tyuiu.MarakovAD.Sprint0.Task2.V0", "Tyuiu.MarakovAD.Sprint0.Task2.V0\Tyuiu.MarakovAD.Sprint0.Task2.V0.csproj", "{9C51ADC8-AB84-469B-8E08-AFD267EC297C}"
EndProject
Project("{FAE04EC0-301F-11D3-BF4B-00C04F79EFBC}") = "Tyuiu.MarakovAD.Sprint0.Task2.V0.Lib", "Tyuiu.MarakovAD.Sprint0.Task2.V0.Lib\Tyuiu.MarakovAD.Sprint0.Task2.V0.Lib.csproj", "{06B7BE20-174A-41CF-97C8-544F37D0C22F}"
EndProject
Project("{FAE04EC0-301F-11D3-BF4B-00C04F79EFBC}") = "Tyuiu.MarakovAD.Sprint0.Task2.V0.Test", "Tyuiu.MarakovAD.Sprint0.Task2.V0.Test\Tyuiu.MarakovAD.Sprint0.Task2.V0.Test.csproj", "{5D9E78C9-8C38-4B65-BBC3-7E0177A926BE}"
EndProject
Global
	GlobalSection(SolutionConfigurationPlatforms) = preSolution
		Debug|Any CPU = Debug|Any CPU
		Release|Any CPU = Release|Any CPU
	EndGlobalSection
	GlobalSection(ProjectConfigurationPlatforms) = postSolution
		{BFA8AE8B-F4D4-44C6-99E3-BEFF7E788D23}.Debug|Any CPU.ActiveCfg = Debug|Any CPU
		{BFA8AE8B-F4D4-44C6-99E3-BEFF7E788D23}.Debug|Any CPU.Build.0 = Debug|Any CPU
		{BFA8AE8B-F4D4-44C6-99E3-BEFF7E788D23}.Release|Any CPU.ActiveCfg = Release|Any CPU
		{BFA8AE8B-F4D4-44C6-99E3-BEFF7E788D23}.Release|Any CPU.Build.0 = Release|Any CPU
		{C2A1F841-FE3B-4048-BDC8-5D51699BD539}.Debug|Any CPU.ActiveCfg = Debug|Any CPU
		{C2A1F841-FE3B-4048-BDC8-5D51699BD539}.Debug|Any CPU.Build.0 = Debug|Any CPU
		{C2A1F841-FE3B-4048-BDC8-5D51699BD539}.Release|Any CPU.ActiveCfg = Release|Any CPU
		{C2A1F841-FE3B-4048-BDC8-5D51699BD539}.Release|Any CPU.Build.0 = Release|Any CPU
		{9C51ADC8-AB84-469B-8E08-AFD267EC297C}.Debug|Any CPU.ActiveCfg = Debug|Any CPU
		{9C51ADC8-AB84-469B-8E08-AFD267EC297C}.Debug|Any CPU.Build.0 = Debug|Any CPU
		{9C51ADC8-AB84-469B-8E08-AFD267EC297C}.Release|Any CPU.ActiveCfg = Release|Any CPU
		{9C51ADC8-AB84-469B-8E08-AFD267EC297C}.Release|Any CPU.Build.0 = Release|Any CPU
		{06B7BE20-174A-41CF-97C8-544F37D0C22F}.Debug|Any CPU.ActiveCfg = Debug|Any CPU
		{06B7BE20-174A-41CF-97C8-544F37D0C22F}.Debug|Any CPU.Build.0 = Debug|Any CPU
		{06B7BE20-174A-41CF-97C8-544F37D0C22F}.Release|Any CPU.ActiveCfg = Release|Any CPU
		{06B7BE20-174A-41CF-97C8-544F37D0C22F}.Release|Any CPU.Build.0 = Release|Any CPU
		{5D9E78C9-8C38-4B65-BBC3-7E0177A926BE}.Debug|Any CPU.ActiveCfg = Debug|Any CPU
		{5D9E78C9-8C38-4B65-BBC3-7E0177A926BE}.Debug|Any CPU.Build.0 = Debug|Any CPU
		{5D9E78C9-8C38-4B65-BBC3-7E0177A926BE}.Release|Any CPU.ActiveCfg = Release|Any CPU
		{5D9E78C9-8C38-4B65-BBC3-7E0177A926BE}.Release|Any CPU.Build.0 = Release|Any CPU
	EndGlobalSection
	GlobalSection(SolutionProperties) = preSolution
		HideSolutionNode = FALSE
	EndGlobalSection
	GlobalSection(NestedProjects) = preSolution
		{BFA8AE8B-F4D4-44C6-99E3-BEFF7E788D23} = {02EA681E-C7D8-13C7-8484-4AC65E1B71E8}
		{C2A1F841-FE3B-4048-BDC8-5D51699BD539} = {D4340F8B-C69C-4A45-B828-F245E9B8EFC0}
		{9C51ADC8-AB84-469B-8E08-AFD267EC297C} = {0E2F288C-C115-45C3-9620-E5F7F801464F}
		{06B7BE20-174A-41CF-97C8-544F37D0C22F} = {0E2F288C-C115-45C3-9620-E5F7F801464F}
		{5D9E78C9-8C38-4B65-BBC3-7E0177A926BE} = {0E2F288C-C115-45C3-9620-E5F7F801464F}
	EndGlobalSection
	GlobalSection(ExtensibilityGlobals) = postSolution
		SolutionGuid = {63E34D9B-39DE-4C0B-8B6D-FB332FEAE8E4}
	EndGlobalSection
EndGlobal
