
Microsoft Visual Studio Solution File, Format Version 12.00
# Visual Studio Version 17
VisualStudioVersion = 17.14.36429.23
MinimumVisualStudioVersion = 10.0.40219.1
Project("{2150E333-8FDC-42A3-9474-1A3956D46DE8}") = "Task0", "Task0", "{02EA681E-C7D8-13C7-8484-4AC65E1B71E8}"
EndProject
Project("{FAE04EC0-301F-11D3-BF4B-00C04F79EFBC}") = "Tyuiu.MarakovAD.Sprint0.Task0.V0", "Tyuiu.MarakovAD.Sprint0.Task0.V0\Tyuiu.MarakovAD.Sprint0.Task0.V0.csproj", "{BFA8AE8B-F4D4-44C6-99E3-BEFF7E788D23}"
EndProject
Project("{2150E333-8FDC-42A3-9474-1A3956D46DE8}") = "Task1", "Task1", "{D4340F8B-C69C-4A45-B828-F245E9B8EFC0}"
EndProject
Project("{FAE04EC0-301F-11D3-BF4B-00C04F79EFBC}") = "Tyuiu.MarakovAD.Sprint0.Task1.V0", "Tyuiu.MarakovAD.Sprint0.Task1.V0\Tyuiu.MarakovAD.Sprint0.Task1.V0.csproj", "{C2A1F841-FE3B-4048-BDC8-5D51699BD539}"
EndProject
Project("{2150E333-8FDC-42A3-9474-1A3956D46DE8}") = "Task2", "Task2", "{0E2F288C-C115-45C3-9620-E5F7F801464F}"
EndProject
Project("{FAE04EC0-301F-11D3-BF4B-00C04F79EFBC}") = "Tyuiu.MarakovAD.Sprint0.Task2.V0", "Tyuiu.MarakovAD.Sprint0.Task2.V0\Tyuiu.MarakovAD.Sprint0.Task2.V0.csproj", "{9C51ADC8-AB84-469B-8E08-AFD267EC297C}"
EndProject
Project("{FAE04EC0-301F-11D3-BF4B-00C04F79EFBC}") = "Tyuiu.MarakovAD.Sprint0.Task2.V0.Lib", "Tyuiu.MarakovAD.Sprint0.Task2.V0.Lib\Tyuiu.MarakovAD.Sprint0.Task2.V0.Lib.csproj", "{06B7BE20-174A-41CF-97C8-544F37D0C22F}"
EndProject
Project("{FAE04EC0-301F-11D3-BF4B-00C04F79EFBC}") = "Tyuiu.MarakovAD.Sprint0.Task2.V0.Test", "Tyuiu.MarakovAD.Sprint0.Task2.V0.Test\Tyuiu.MarakovAD.Sprint0.Task2.V0.Test.csproj", "{5D9E78C9-8C38-4B65-BBC3-7E0177A926BE}"
EndProject
Project("{2150E333-8FDC-42A3-9474-1A3956D46DE8}") = "Task3", "Task3", "{9317C1F1-6373-4329-96EE-B4FC11BDA949}"
EndProject
Project("{FAE04EC0-301F-11D3-BF4B-00C04F79EFBC}") = "Tyuiu.MarakovAD.Sprint0.Task3.V0", "Tyuiu.MarakovAD.Sprint0.Task3.V0\Tyuiu.MarakovAD.Sprint0.Task3.V0.csproj", "{A4EE32FB-D96D-4D2A-9B79-5B876C87AF52}"
EndProject
Project("{FAE04EC0-301F-11D3-BF4B-00C04F79EFBC}") = "Tyuiu.MarakovAD.Sprint0.Task3.V0.Lib", "Tyuiu.MarakovAD.Sprint0.Task3.V0.Lib\Tyuiu.MarakovAD.Sprint0.Task3.V0.Lib.csproj", "{9DA62EE9-6558-482E-B957-4599EA748C2A}"
EndProject
Project("{FAE04EC0-301F-11D3-BF4B-00C04F79EFBC}") = "Tyuiu.MarakovAD.Sprint0.Task3.V0.Test", "Tyuiu.MarakovAD.Sprint0.Task3.V0.Test\Tyuiu.MarakovAD.Sprint0.Task3.V0.Test.csproj", "{99F865C2-17BE-4159-9D53-9FC17E4FC935}"
EndProject
Project("{2150E333-8FDC-42A3-9474-1A3956D46DE8}") = "Task4", "Task4", "{BABCB4E8-15C5-4900-AF9C-34A67CD90020}"
EndProject
Project("{FAE04EC0-301F-11D3-BF4B-00C04F79EFBC}") = "Tyuiu.MarakovAD.Sprint0.Task4.V0", "Tyuiu.MarakovAD.Sprint0.Task4.V0\Tyuiu.MarakovAD.Sprint0.Task4.V0.csproj", "{AAFB0D66-ABD0-41CA-BFB0-5AEEDDF48C80}"
EndProject
Project("{FAE04EC0-301F-11D3-BF4B-00C04F79EFBC}") = "Tyuiu.MarakovAD.Sprint0.Task4.V0.Lib", "Tyuiu.MarakovAD.Sprint0.Task4.V0.Lib\Tyuiu.MarakovAD.Sprint0.Task4.V0.Lib.csproj", "{86453309-B9B1-44BD-9C2E-8C8AE83FEECB}"
EndProject
Project("{FAE04EC0-301F-11D3-BF4B-00C04F79EFBC}") = "Tyuiu.MarakovAD.Sprint0.Task4.V0.Test", "Tyuiu.MarakovAD.Sprint0.Task4.V0.Test\Tyuiu.MarakovAD.Sprint0.Task4.V0.Test.csproj", "{1A40A61F-01CC-44B7-88B6-2C37CB639576}"
EndProject
Project("{2150E333-8FDC-42A3-9474-1A3956D46DE8}") = "Task5", "Task5", "{689BCA7C-E772-4F8D-9B73-00FC0C683A4B}"
EndProject
Project("{FAE04EC0-301F-11D3-BF4B-00C04F79EFBC}") = "Tyuiu.MarakovAD.Sprint0.Task5.V0", "Tyuiu.MarakovAD.Sprint0.Task5.V0\Tyuiu.MarakovAD.Sprint0.Task5.V0.csproj", "{E0CCE4E3-6D63-4F5F-A705-19658A040E35}"
EndProject
Project("{FAE04EC0-301F-11D3-BF4B-00C04F79EFBC}") = "Tyuiu.MarakovAD.Sprint0.Task5.V0.Lib", "Tyuiu.MarakovAD.Sprint0.Task5.V0.Lib\Tyuiu.MarakovAD.Sprint0.Task5.V0.Lib.csproj", "{4607A69D-35D8-4CB9-BE78-8C4376ADAAB5}"
EndProject
Project("{FAE04EC0-301F-11D3-BF4B-00C04F79EFBC}") = "Tyuiu.MarakovAD.Sprint0.Task5.V0.Test", "Tyuiu.MarakovAD.Sprint0.Task5.V0.Test\Tyuiu.MarakovAD.Sprint0.Task5.V0.Test.csproj", "{D0559C11-320B-4041-9B3D-E005535EB9C9}"
EndProject
Project("{2150E333-8FDC-42A3-9474-1A3956D46DE8}") = "Task6", "Task6", "{B4C03275-72F7-4826-B7C2-933F0AF1AD25}"
EndProject
Project("{FAE04EC0-301F-11D3-BF4B-00C04F79EFBC}") = "Tyuiu.MarakovAD.Sprint0.Task6.V0", "Tyuiu.MarakovAD.Sprint0.Task6.V0\Tyuiu.MarakovAD.Sprint0.Task6.V0.csproj", "{5FD69ACE-83DE-49E5-A461-2DFECE848C50}"
EndProject
Project("{FAE04EC0-301F-11D3-BF4B-00C04F79EFBC}") = "Tyuiu.MarakovAD.Sprint0.Task6.V0.Lib", "Tyuiu.MarakovAD.Sprint0.Task6.V0.Lib\Tyuiu.MarakovAD.Sprint0.Task6.V0.Lib.csproj", "{B4D86CF1-1BFF-41AA-BAD1-82A99EECE5C6}"
EndProject
Project("{FAE04EC0-301F-11D3-BF4B-00C04F79EFBC}") = "Tyuiu.MarakovAD.Sprint0.Task6.V0.Test", "Tyuiu.MarakovAD.Sprint0.Task6.V0.Test\Tyuiu.MarakovAD.Sprint0.Task6.V0.Test.csproj", "{D6972924-6F3D-44A6-B943-1C5BF90DBB37}"
EndProject
Project("{2150E333-8FDC-42A3-9474-1A3956D46DE8}") = "Task7", "Task7", "{3B770E15-0FBE-44E1-9B94-F1C7F7CFEC88}"
EndProject
Project("{FAE04EC0-301F-11D3-BF4B-00C04F79EFBC}") = "Tyuiu.MarakovAD.Sprint0.Task7.V0", "Tyuiu.MarakovAD.Sprint0.Task7.V0\Tyuiu.MarakovAD.Sprint0.Task7.V0.csproj", "{4710AF17-18FC-46D1-ACC1-BFC74D3DE5E3}"
EndProject
Project("{FAE04EC0-301F-11D3-BF4B-00C04F79EFBC}") = "Tyuiu.MarakovAD.Sprint0.Task7.V0.Lib", "Tyuiu.MarakovAD.Sprint0.Task7.V0.Lib\Tyuiu.MarakovAD.Sprint0.Task7.V0.Lib.csproj", "{C4A9C9C5-C68B-4162-9360-966AC4D9ABCC}"
EndProject
Project("{FAE04EC0-301F-11D3-BF4B-00C04F79EFBC}") = "Tyuiu.MarakovAD.Sprint0.Task7.V0.Test", "Tyuiu.MarakovAD.Sprint0.Task7.V0.Test\Tyuiu.MarakovAD.Sprint0.Task7.V0.Test.csproj", "{FA28D62B-1A9B-469D-9062-82E64F1533F3}"
EndProject
Global
	GlobalSection(SolutionConfigurationPlatforms) = preSolution
		Debug|Any CPU = Debug|Any CPU
		Release|Any CPU = Release|Any CPU
	EndGlobalSection
	GlobalSection(ProjectConfigurationPlatforms) = postSolution
		{BFA8AE8B-F4D4-44C6-99E3-BEFF7E788D23}.Debug|Any CPU.ActiveCfg = Debug|Any CPU
		{BFA8AE8B-F4D4-44C6-99E3-BEFF7E788D23}.Debug|Any CPU.Build.0 = Debug|Any CPU
		{BFA8AE8B-F4D4-44C6-99E3-BEFF7E788D23}.Release|Any CPU.ActiveCfg = Release|Any CPU
		{BFA8AE8B-F4D4-44C6-99E3-BEFF7E788D23}.Release|Any CPU.Build.0 = Release|Any CPU
		{C2A1F841-FE3B-4048-BDC8-5D51699BD539}.Debug|Any CPU.ActiveCfg = Debug|Any CPU
		{C2A1F841-FE3B-4048-BDC8-5D51699BD539}.Debug|Any CPU.Build.0 = Debug|Any CPU
		{C2A1F841-FE3B-4048-BDC8-5D51699BD539}.Release|Any CPU.ActiveCfg = Release|Any CPU
		{C2A1F841-FE3B-4048-BDC8-5D51699BD539}.Release|Any CPU.Build.0 = Release|Any CPU
		{9C51ADC8-AB84-469B-8E08-AFD267EC297C}.Debug|Any CPU.ActiveCfg = Debug|Any CPU
		{9C51ADC8-AB84-469B-8E08-AFD267EC297C}.Debug|Any CPU.Build.0 = Debug|Any CPU
		{9C51ADC8-AB84-469B-8E08-AFD267EC297C}.Release|Any CPU.ActiveCfg = Release|Any CPU
		{9C51ADC8-AB84-469B-8E08-AFD267EC297C}.Release|Any CPU.Build.0 = Release|Any CPU
		{06B7BE20-174A-41CF-97C8-544F37D0C22F}.Debug|Any CPU.ActiveCfg = Debug|Any CPU
		{06B7BE20-174A-41CF-97C8-544F37D0C22F}.Debug|Any CPU.Build.0 = Debug|Any CPU
		{06B7BE20-174A-41CF-97C8-544F37D0C22F}.Release|Any CPU.ActiveCfg = Release|Any CPU
		{06B7BE20-174A-41CF-97C8-544F37D0C22F}.Release|Any CPU.Build.0 = Release|Any CPU
		{5D9E78C9-8C38-4B65-BBC3-7E0177A926BE}.Debug|Any CPU.ActiveCfg = Debug|Any CPU
		{5D9E78C9-8C38-4B65-BBC3-7E0177A926BE}.Debug|Any CPU.Build.0 = Debug|Any CPU
		{5D9E78C9-8C38-4B65-BBC3-7E0177A926BE}.Release|Any CPU.ActiveCfg = Release|Any CPU
		{5D9E78C9-8C38-4B65-BBC3-7E0177A926BE}.Release|Any CPU.Build.0 = Release|Any CPU
		{A4EE32FB-D96D-4D2A-9B79-5B876C87AF52}.Debug|Any CPU.ActiveCfg = Debug|Any CPU
		{A4EE32FB-D96D-4D2A-9B79-5B876C87AF52}.Debug|Any CPU.Build.0 = Debug|Any CPU
		{A4EE32FB-D96D-4D2A-9B79-5B876C87AF52}.Release|Any CPU.ActiveCfg = Release|Any CPU
		{A4EE32FB-D96D-4D2A-9B79-5B876C87AF52}.Release|Any CPU.Build.0 = Release|Any CPU
		{9DA62EE9-6558-482E-B957-4599EA748C2A}.Debug|Any CPU.ActiveCfg = Debug|Any CPU
		{9DA62EE9-6558-482E-B957-4599EA748C2A}.Debug|Any CPU.Build.0 = Debug|Any CPU
		{9DA62EE9-6558-482E-B957-4599EA748C2A}.Release|Any CPU.ActiveCfg = Release|Any CPU
		{9DA62EE9-6558-482E-B957-4599EA748C2A}.Release|Any CPU.Build.0 = Release|Any CPU
		{99F865C2-17BE-4159-9D53-9FC17E4FC935}.Debug|Any CPU.ActiveCfg = Debug|Any CPU
		{99F865C2-17BE-4159-9D53-9FC17E4FC935}.Debug|Any CPU.Build.0 = Debug|Any CPU
		{99F865C2-17BE-4159-9D53-9FC17E4FC935}.Release|Any CPU.ActiveCfg = Release|Any CPU
		{99F865C2-17BE-4159-9D53-9FC17E4FC935}.Release|Any CPU.Build.0 = Release|Any CPU
		{AAFB0D66-ABD0-41CA-BFB0-5AEEDDF48C80}.Debug|Any CPU.ActiveCfg = Debug|Any CPU
		{AAFB0D66-ABD0-41CA-BFB0-5AEEDDF48C80}.Debug|Any CPU.Build.0 = Debug|Any CPU
		{AAFB0D66-ABD0-41CA-BFB0-5AEEDDF48C80}.Release|Any CPU.ActiveCfg = Release|Any CPU
		{AAFB0D66-ABD0-41CA-BFB0-5AEEDDF48C80}.Release|Any CPU.Build.0 = Release|Any CPU
		{86453309-B9B1-44BD-9C2E-8C8AE83FEECB}.Debug|Any CPU.ActiveCfg = Debug|Any CPU
		{86453309-B9B1-44BD-9C2E-8C8AE83FEECB}.Debug|Any CPU.Build.0 = Debug|Any CPU
		{86453309-B9B1-44BD-9C2E-8C8AE83FEECB}.Release|Any CPU.ActiveCfg = Release|Any CPU
		{86453309-B9B1-44BD-9C2E-8C8AE83FEECB}.Release|Any CPU.Build.0 = Release|Any CPU
		{1A40A61F-01CC-44B7-88B6-2C37CB639576}.Debug|Any CPU.ActiveCfg = Debug|Any CPU
		{1A40A61F-01CC-44B7-88B6-2C37CB639576}.Debug|Any CPU.Build.0 = Debug|Any CPU
		{1A40A61F-01CC-44B7-88B6-2C37CB639576}.Release|Any CPU.ActiveCfg = Release|Any CPU
		{1A40A61F-01CC-44B7-88B6-2C37CB639576}.Release|Any CPU.Build.0 = Release|Any CPU
		{E0CCE4E3-6D63-4F5F-A705-19658A040E35}.Debug|Any CPU.ActiveCfg = Debug|Any CPU
		{E0CCE4E3-6D63-4F5F-A705-19658A040E35}.Debug|Any CPU.Build.0 = Debug|Any CPU
		{E0CCE4E3-6D63-4F5F-A705-19658A040E35}.Release|Any CPU.ActiveCfg = Release|Any CPU
		{E0CCE4E3-6D63-4F5F-A705-19658A040E35}.Release|Any CPU.Build.0 = Release|Any CPU
		{4607A69D-35D8-4CB9-BE78-8C4376ADAAB5}.Debug|Any CPU.ActiveCfg = Debug|Any CPU
		{4607A69D-35D8-4CB9-BE78-8C4376ADAAB5}.Debug|Any CPU.Build.0 = Debug|Any CPU
		{4607A69D-35D8-4CB9-BE78-8C4376ADAAB5}.Release|Any CPU.ActiveCfg = Release|Any CPU
		{4607A69D-35D8-4CB9-BE78-8C4376ADAAB5}.Release|Any CPU.Build.0 = Release|Any CPU
		{D0559C11-320B-4041-9B3D-E005535EB9C9}.Debug|Any CPU.ActiveCfg = Debug|Any CPU
		{D0559C11-320B-4041-9B3D-E005535EB9C9}.Debug|Any CPU.Build.0 = Debug|Any CPU
		{D0559C11-320B-4041-9B3D-E005535EB9C9}.Release|Any CPU.ActiveCfg = Release|Any CPU
		{D0559C11-320B-4041-9B3D-E005535EB9C9}.Release|Any CPU.Build.0 = Release|Any CPU
		{5FD69ACE-83DE-49E5-A461-2DFECE848C50}.Debug|Any CPU.ActiveCfg = Debug|Any CPU
		{5FD69ACE-83DE-49E5-A461-2DFECE848C50}.Debug|Any CPU.Build.0 = Debug|Any CPU
		{5FD69ACE-83DE-49E5-A461-2DFECE848C50}.Release|Any CPU.ActiveCfg = Release|Any CPU
		{5FD69ACE-83DE-49E5-A461-2DFECE848C50}.Release|Any CPU.Build.0 = Release|Any CPU
		{B4D86CF1-1BFF-41AA-BAD1-82A99EECE5C6}.Debug|Any CPU.ActiveCfg = Debug|Any CPU
		{B4D86CF1-1BFF-41AA-BAD1-82A99EECE5C6}.Debug|Any CPU.Build.0 = Debug|Any CPU
		{B4D86CF1-1BFF-41AA-BAD1-82A99EECE5C6}.Release|Any CPU.ActiveCfg = Release|Any CPU
		{B4D86CF1-1BFF-41AA-BAD1-82A99EECE5C6}.Release|Any CPU.Build.0 = Release|Any CPU
		{D6972924-6F3D-44A6-B943-1C5BF90DBB37}.Debug|Any CPU.ActiveCfg = Debug|Any CPU
		{D6972924-6F3D-44A6-B943-1C5BF90DBB37}.Debug|Any CPU.Build.0 = Debug|Any CPU
		{D6972924-6F3D-44A6-B943-1C5BF90DBB37}.Release|Any CPU.ActiveCfg = Release|Any CPU
		{D6972924-6F3D-44A6-B943-1C5BF90DBB37}.Release|Any CPU.Build.0 = Release|Any CPU
		{4710AF17-18FC-46D1-ACC1-BFC74D3DE5E3}.Debug|Any CPU.ActiveCfg = Debug|Any CPU
		{4710AF17-18FC-46D1-ACC1-BFC74D3DE5E3}.Debug|Any CPU.Build.0 = Debug|Any CPU
		{4710AF17-18FC-46D1-ACC1-BFC74D3DE5E3}.Release|Any CPU.ActiveCfg = Release|Any CPU
		{4710AF17-18FC-46D1-ACC1-BFC74D3DE5E3}.Release|Any CPU.Build.0 = Release|Any CPU
		{C4A9C9C5-C68B-4162-9360-966AC4D9ABCC}.Debug|Any CPU.ActiveCfg = Debug|Any CPU
		{C4A9C9C5-C68B-4162-9360-966AC4D9ABCC}.Debug|Any CPU.Build.0 = Debug|Any CPU
		{C4A9C9C5-C68B-4162-9360-966AC4D9ABCC}.Release|Any CPU.ActiveCfg = Release|Any CPU
		{C4A9C9C5-C68B-4162-9360-966AC4D9ABCC}.Release|Any CPU.Build.0 = Release|Any CPU
		{FA28D62B-1A9B-469D-9062-82E64F1533F3}.Debug|Any CPU.ActiveCfg = Debug|Any CPU
		{FA28D62B-1A9B-469D-9062-82E64F1533F3}.Debug|Any CPU.Build.0 = Debug|Any CPU
		{FA28D62B-1A9B-469D-9062-82E64F1533F3}.Release|Any CPU.ActiveCfg = Release|Any CPU
		{FA28D62B-1A9B-469D-9062-82E64F1533F3}.Release|Any CPU.Build.0 = Release|Any CPU
	EndGlobalSection
	GlobalSection(SolutionProperties) = preSolution
		HideSolutionNode = FALSE
	EndGlobalSection
	GlobalSection(NestedProjects) = preSolution
		{BFA8AE8B-F4D4-44C6-99E3-BEFF7E788D23} = {02EA681E-C7D8-13C7-8484-4AC65E1B71E8}
		{C2A1F841-FE3B-4048-BDC8-5D51699BD539} = {D4340F8B-C69C-4A45-B828-F245E9B8EFC0}
		{9C51ADC8-AB84-469B-8E08-AFD267EC297C} = {0E2F288C-C115-45C3-9620-E5F7F801464F}
		{06B7BE20-174A-41CF-97C8-544F37D0C22F} = {0E2F288C-C115-45C3-9620-E5F7F801464F}
		{5D9E78C9-8C38-4B65-BBC3-7E0177A926BE} = {0E2F288C-C115-45C3-9620-E5F7F801464F}
		{A4EE32FB-D96D-4D2A-9B79-5B876C87AF52} = {9317C1F1-6373-4329-96EE-B4FC11BDA949}
		{9DA62EE9-6558-482E-B957-4599EA748C2A} = {9317C1F1-6373-4329-96EE-B4FC11BDA949}
		{99F865C2-17BE-4159-9D53-9FC17E4FC935} = {9317C1F1-6373-4329-96EE-B4FC11BDA949}
		{AAFB0D66-ABD0-41CA-BFB0-5AEEDDF48C80} = {BABCB4E8-15C5-4900-AF9C-34A67CD90020}
		{86453309-B9B1-44BD-9C2E-8C8AE83FEECB} = {BABCB4E8-15C5-4900-AF9C-34A67CD90020}
		{1A40A61F-01CC-44B7-88B6-2C37CB639576} = {BABCB4E8-15C5-4900-AF9C-34A67CD90020}
		{E0CCE4E3-6D63-4F5F-A705-19658A040E35} = {689BCA7C-E772-4F8D-9B73-00FC0C683A4B}
		{4607A69D-35D8-4CB9-BE78-8C4376ADAAB5} = {689BCA7C-E772-4F8D-9B73-00FC0C683A4B}
		{D0559C11-320B-4041-9B3D-E005535EB9C9} = {689BCA7C-E772-4F8D-9B73-00FC0C683A4B}
		{5FD69ACE-83DE-49E5-A461-2DFECE848C50} = {B4C03275-72F7-4826-B7C2-933F0AF1AD25}
		{B4D86CF1-1BFF-41AA-BAD1-82A99EECE5C6} = {B4C03275-72F7-4826-B7C2-933F0AF1AD25}
		{D6972924-6F3D-44A6-B943-1C5BF90DBB37} = {B4C03275-72F7-4826-B7C2-933F0AF1AD25}
		{4710AF17-18FC-46D1-ACC1-BFC74D3DE5E3} = {3B770E15-0FBE-44E1-9B94-F1C7F7CFEC88}
		{C4A9C9C5-C68B-4162-9360-966AC4D9ABCC} = {3B770E15-0FBE-44E1-9B94-F1C7F7CFEC88}
		{FA28D62B-1A9B-469D-9062-82E64F1533F3} = {3B770E15-0FBE-44E1-9B94-F1C7F7CFEC88}
	EndGlobalSection
	GlobalSection(ExtensibilityGlobals) = postSolution
		SolutionGuid = {63E34D9B-39DE-4C0B-8B6D-FB332FEAE8E4}
	EndGlobalSection
EndGlobal
